# This file is automatically @generated by Poetry 1.4.0 and should not be changed by hand.

[[package]]
name = "mimesis"
version = "7.1.0"
description = "Mimesis: Fake Data Generator."
category = "main"
optional = false
python-versions = ">=3.8,<4.0"
files = [
    {file = "mimesis-7.1.0-py3-none-any.whl", hash = "sha256:da65bea6d6d5d5d87d5c008e6b23ef5f96a49cce436d9f8708dabb5152da0290"},
    {file = "mimesis-7.1.0.tar.gz", hash = "sha256:c83b55d35536d7e9b9700a596b7ccfb639a740e3e1fb5e08062e8ab2a67dcb37"},
]

[metadata]
lock-version = "2.0"
python-versions = "^3.11"
content-hash = "1cb7eac7c5b4c89e41b5bea0f83c2187e4aa4d52cf7098a51cd4d348e415196c"
